
Microsoft Visual Studio Solution File, Format Version 12.00
Project("{FAE04EC0-301F-11D3-BF4B-00C04F79EFBC}") = "TestServer", "TestServer\TestServer.csproj", "{7AF01EB0-76F7-4D4A-A074-29E5012AEA70}"
EndProject
Global
	GlobalSection(SolutionConfigurationPlatforms) = preSolution
		Debug|Any CPU = Debug|Any CPU
		Release|Any CPU = Release|Any CPU
	EndGlobalSection
	GlobalSection(ProjectConfigurationPlatforms) = postSolution
		{7AF01EB0-76F7-4D4A-A074-29E5012AEA70}.Debug|Any CPU.ActiveCfg = Debug|Any CPU
		{7AF01EB0-76F7-4D4A-A074-29E5012AEA70}.Debug|Any CPU.Build.0 = Debug|Any CPU
		{7AF01EB0-76F7-4D4A-A074-29E5012AEA70}.Release|Any CPU.ActiveCfg = Release|Any CPU
		{7AF01EB0-76F7-4D4A-A074-29E5012AEA70}.Release|Any CPU.Build.0 = Release|Any CPU
	EndGlobalSection
EndGlobal
